
Microsoft Visual Studio Solution File, Format Version 12.00
# Visual Studio Version 17
VisualStudioVersion = 17.1.32319.34
MinimumVisualStudioVersion = 10.0.40219.1
Project("{9A19103F-16F7-4668-BE54-9A1E7A4F7556}") = "TFP", "..\..\source\repos\TFP\TFP\TFP.csproj", "{8EE12719-69DA-4A09-A4BD-EF08F623F45A}"
EndProject
Project("{2150E333-8FDC-42A3-9474-1A3956D46DE8}") = "Domain", "Domain", "{638F946F-F2E6-47DD-BF5B-BD978A0AD2C7}"
EndProject
Project("{9A19103F-16F7-4668-BE54-9A1E7A4F7556}") = "TFP.Domain", "..\..\source\repos\TFP\TFP.Domain\TFP.Domain.csproj", "{731EA62D-0F72-4640-9F1D-F0C95F4ADC45}"
EndProject
Global
	GlobalSection(SolutionConfigurationPlatforms) = preSolution
		Debug|Any CPU = Debug|Any CPU
		Release|Any CPU = Release|Any CPU
	EndGlobalSection
	GlobalSection(ProjectConfigurationPlatforms) = postSolution
		{8EE12719-69DA-4A09-A4BD-EF08F623F45A}.Debug|Any CPU.ActiveCfg = Debug|Any CPU
		{8EE12719-69DA-4A09-A4BD-EF08F623F45A}.Debug|Any CPU.Build.0 = Debug|Any CPU
		{8EE12719-69DA-4A09-A4BD-EF08F623F45A}.Release|Any CPU.ActiveCfg = Release|Any CPU
		{8EE12719-69DA-4A09-A4BD-EF08F623F45A}.Release|Any CPU.Build.0 = Release|Any CPU
		{731EA62D-0F72-4640-9F1D-F0C95F4ADC45}.Debug|Any CPU.ActiveCfg = Debug|Any CPU
		{731EA62D-0F72-4640-9F1D-F0C95F4ADC45}.Debug|Any CPU.Build.0 = Debug|Any CPU
		{731EA62D-0F72-4640-9F1D-F0C95F4ADC45}.Release|Any CPU.ActiveCfg = Release|Any CPU
		{731EA62D-0F72-4640-9F1D-F0C95F4ADC45}.Release|Any CPU.Build.0 = Release|Any CPU
	EndGlobalSection
	GlobalSection(SolutionProperties) = preSolution
		HideSolutionNode = FALSE
	EndGlobalSection
	GlobalSection(NestedProjects) = preSolution
		{731EA62D-0F72-4640-9F1D-F0C95F4ADC45} = {638F946F-F2E6-47DD-BF5B-BD978A0AD2C7}
	EndGlobalSection
	GlobalSection(ExtensibilityGlobals) = postSolution
		SolutionGuid = {30A4167B-E1E8-4431-9A58-F55ECE7D0BD3}
	EndGlobalSection
EndGlobal
